PODS:
  - CocoaAsyncSocket (7.6.4)
  - KTVCocoaHTTPServer (1.0.0):
    - CocoaAsyncSocket
  - KTVHTTPCache (2.0.1):
    - KTVCocoaHTTPServer
  - ZFPlayer (3.3.0):
    - ZFPlayer/Core (= 3.3.0)
  - ZFPlayer/ControlView (3.3.0):
    - ZFPlayer/Core
  - ZFPlayer/Core (3.3.0)

DEPENDENCIES:
  - KTVHTTPCache
  - ZFPlayer
  - ZFPlayer/ControlView

SPEC REPOS:
  trunk:
    - CocoaAsyncSocket
    - KTVCocoaHTTPServer
    - KTVHTTPCache
    - ZFPlayer

SPEC CHECKSUMS:
  CocoaAsyncSocket: 694058e7c0ed05a9e217d1b3c7ded962f4180845
  KTVCocoaHTTPServer: df8d7b861e603ff8037e9b2138aca2563a6b768d
  KTVHTTPCache: 588c3eb16f6bd1e6fde1e230dabfb7bd4e490a4d
  ZFPlayer: 67de190f7aaad8ef4713aa2aef4ae170c663593d

PODFILE CHECKSUM: eb64412a015159356b04c6cf9f71373bd54bf10e

COCOAPODS: 1.8.4
